# DO NOT EDIT MANUALLY - Managed by Fern Replay
version: "1.0"
generations:
  - commit_sha: 251fba475af04c464602cd100b24d8902cfcb665
    tree_hash: e80e114d3d25c7d7ca31f1f8f1bb9048245a5b71
    timestamp: 2026-10-02T16:28:58.147Z
    cli_version: unknown
    generator_versions: {}
current_generation: 251fba475af04c464602cd100b24d8902cfcb665
patches: []
